
Microsoft Visual Studio Solution File, Format Version 12.00
# Visual Studio Version 16
VisualStudioVersion = 16.0.31702.278
MinimumVisualStudioVersion = 10.0.40219.1
Project("{FAE04EC0-301F-11D3-BF4B-00C04F79EFBC}") = "1 Wprowadzenie", "1 Wprowadzenie\1 Wprowadzenie.csproj", "{E7DCAB81-6CDC-4347-8777-F07F1D8FAEC1}"
EndProject
Global
	GlobalSection(SolutionConfigurationPlatforms) = preSolution
		Debug|Any CPU = Debug|Any CPU
		Release|Any CPU = Release|Any CPU
	EndGlobalSection
	GlobalSection(ProjectConfigurationPlatforms) = postSolution
		{E7DCAB81-6CDC-4347-8777-F07F1D8FAEC1}.Debug|Any CPU.ActiveCfg = Debug|Any CPU
		{E7DCAB81-6CDC-4347-8777-F07F1D8FAEC1}.Debug|Any CPU.Build.0 = Debug|Any CPU
		{E7DCAB81-6CDC-4347-8777-F07F1D8FAEC1}.Release|Any CPU.ActiveCfg = Release|Any CPU
		{E7DCAB81-6CDC-4347-8777-F07F1D8FAEC1}.Release|Any CPU.Build.0 = Release|Any CPU
	EndGlobalSection
	GlobalSection(SolutionProperties) = preSolution
		HideSolutionNode = FALSE
	EndGlobalSection
	GlobalSection(ExtensibilityGlobals) = postSolution
		SolutionGuid = {711421FF-62DB-4DDA-86C5-78A554AC5839}
	EndGlobalSection
EndGlobal
